
Microsoft Visual Studio Solution File, Format Version 12.00
# Visual Studio Version 17
VisualStudioVersion = 17.0.31903.59
MinimumVisualStudioVersion = 10.0.40219.1
Project("{FAE04EC0-301F-11D3-BF4B-00C04F79EFBC}") = "IBMS.Core", "IBMS.Core\IBMS.Core.csproj", "{26CD01E0-698B-4882-811D-3F0F117B983A}"
EndProject
Project("{FAE04EC0-301F-11D3-BF4B-00C04F79EFBC}") = "IBMS.Data", "IBMS.Data\IBMS.Data.csproj", "{1748CD75-C175-4E3E-AF9B-9E18E295EA03}"
EndProject
Project("{FAE04EC0-301F-11D3-BF4B-00C04F79EFBC}") = "IBMS.WinForms", "IBMS.WinForms\IBMS.WinForms.csproj", "{C02E0640-8F78-4B99-ADE0-8CCAD295F1CD}"
EndProject
Global
	GlobalSection(SolutionConfigurationPlatforms) = preSolution
		Debug|Any CPU = Debug|Any CPU
		Debug|x64 = Debug|x64
		Debug|x86 = Debug|x86
		Release|Any CPU = Release|Any CPU
		Release|x64 = Release|x64
		Release|x86 = Release|x86
	EndGlobalSection
	GlobalSection(ProjectConfigurationPlatforms) = postSolution
		{26CD01E0-698B-4882-811D-3F0F117B983A}.Debug|Any CPU.ActiveCfg = Debug|Any CPU
		{26CD01E0-698B-4882-811D-3F0F117B983A}.Debug|Any CPU.Build.0 = Debug|Any CPU
		{26CD01E0-698B-4882-811D-3F0F117B983A}.Debug|x64.ActiveCfg = Debug|Any CPU
		{26CD01E0-698B-4882-811D-3F0F117B983A}.Debug|x64.Build.0 = Debug|Any CPU
		{26CD01E0-698B-4882-811D-3F0F117B983A}.Debug|x86.ActiveCfg = Debug|Any CPU
		{26CD01E0-698B-4882-811D-3F0F117B983A}.Debug|x86.Build.0 = Debug|Any CPU
		{26CD01E0-698B-4882-811D-3F0F117B983A}.Release|Any CPU.ActiveCfg = Release|Any CPU
		{26CD01E0-698B-4882-811D-3F0F117B983A}.Release|Any CPU.Build.0 = Release|Any CPU
		{26CD01E0-698B-4882-811D-3F0F117B983A}.Release|x64.ActiveCfg = Release|Any CPU
		{26CD01E0-698B-4882-811D-3F0F117B983A}.Release|x64.Build.0 = Release|Any CPU
		{26CD01E0-698B-4882-811D-3F0F117B983A}.Release|x86.ActiveCfg = Release|Any CPU
		{26CD01E0-698B-4882-811D-3F0F117B983A}.Release|x86.Build.0 = Release|Any CPU
		{1748CD75-C175-4E3E-AF9B-9E18E295EA03}.Debug|Any CPU.ActiveCfg = Debug|Any CPU
		{1748CD75-C175-4E3E-AF9B-9E18E295EA03}.Debug|Any CPU.Build.0 = Debug|Any CPU
		{1748CD75-C175-4E3E-AF9B-9E18E295EA03}.Debug|x64.ActiveCfg = Debug|Any CPU
		{1748CD75-C175-4E3E-AF9B-9E18E295EA03}.Debug|x64.Build.0 = Debug|Any CPU
		{1748CD75-C175-4E3E-AF9B-9E18E295EA03}.Debug|x86.ActiveCfg = Debug|Any CPU
		{1748CD75-C175-4E3E-AF9B-9E18E295EA03}.Debug|x86.Build.0 = Debug|Any CPU
		{1748CD75-C175-4E3E-AF9B-9E18E295EA03}.Release|Any CPU.ActiveCfg = Release|Any CPU
		{1748CD75-C175-4E3E-AF9B-9E18E295EA03}.Release|Any CPU.Build.0 = Release|Any CPU
		{1748CD75-C175-4E3E-AF9B-9E18E295EA03}.Release|x64.ActiveCfg = Release|Any CPU
		{1748CD75-C175-4E3E-AF9B-9E18E295EA03}.Release|x64.Build.0 = Release|Any CPU
		{1748CD75-C175-4E3E-AF9B-9E18E295EA03}.Release|x86.ActiveCfg = Release|Any CPU
		{1748CD75-C175-4E3E-AF9B-9E18E295EA03}.Release|x86.Build.0 = Release|Any CPU
		{C02E0640-8F78-4B99-ADE0-8CCAD295F1CD}.Debug|Any CPU.ActiveCfg = Debug|Any CPU
		{C02E0640-8F78-4B99-ADE0-8CCAD295F1CD}.Debug|Any CPU.Build.0 = Debug|Any CPU
		{C02E0640-8F78-4B99-ADE0-8CCAD295F1CD}.Debug|x64.ActiveCfg = Debug|Any CPU
		{C02E0640-8F78-4B99-ADE0-8CCAD295F1CD}.Debug|x64.Build.0 = Debug|Any CPU
		{C02E0640-8F78-4B99-ADE0-8CCAD295F1CD}.Debug|x86.ActiveCfg = Debug|Any CPU
		{C02E0640-8F78-4B99-ADE0-8CCAD295F1CD}.Debug|x86.Build.0 = Debug|Any CPU
		{C02E0640-8F78-4B99-ADE0-8CCAD295F1CD}.Release|Any CPU.ActiveCfg = Release|Any CPU
		{C02E0640-8F78-4B99-ADE0-8CCAD295F1CD}.Release|Any CPU.Build.0 = Release|Any CPU
		{C02E0640-8F78-4B99-ADE0-8CCAD295F1CD}.Release|x64.ActiveCfg = Release|Any CPU
		{C02E0640-8F78-4B99-ADE0-8CCAD295F1CD}.Release|x64.Build.0 = Release|Any CPU
		{C02E0640-8F78-4B99-ADE0-8CCAD295F1CD}.Release|x86.ActiveCfg = Release|Any CPU
		{C02E0640-8F78-4B99-ADE0-8CCAD295F1CD}.Release|x86.Build.0 = Release|Any CPU
	EndGlobalSection
	GlobalSection(SolutionProperties) = preSolution
		HideSolutionNode = FALSE
	EndGlobalSection
EndGlobal
